# This file is automatically @generated by Cargo.
# It is not intended for manual editing.
version = 3

[[package]]
name = "kernel"
version = "0.1.0"
dependencies = [
 "libcpu",
]

[[package]]
name = "libcpu"
version = "0.1.0"

[[package]]
name = "rt-spark"
version = "0.1.0"
dependencies = [
 "kernel",
]
